// !$*UTF8*$!
{
	archiveVersion = 1;
	classes = {
	};
	objectVersion = 50;
	objects = {

/* Begin PBXBuildFile section */
		7691F66B232A1756002F5976 /* AppDelegate.swift in Sources */ = {isa = PBXBuildFile; fileRef = 7691F66A232A1756002F5976 /* AppDelegate.swift */; };
		7691F66D232A1756002F5976 /* ViewController.swift in Sources */ = {isa = PBXBuildFile; fileRef = 7691F66C232A1756002F5976 /* ViewController.swift */; };
		7691F670232A1756002F5976 /* Main.storyboard in Resources */ = {isa = PBXBuildFile; fileRef = 7691F66E232A1756002F5976 /* Main.storyboard */; };
		7691F672232A1757002F5976 /* Assets.xcassets in Resources */ = {isa = PBXBuildFile; fileRef = 7691F671232A1757002F5976 /* Assets.xcassets */; };
		7691F675232A1757002F5976 /* LaunchScreen.storyboard in Resources */ = {isa = PBXBuildFile; fileRef = 7691F673232A1757002F5976 /* LaunchScreen.storyboard */; };
		7691F680232A1757002F5976 /* FitnessAppTests.swift in Sources */ = {isa = PBXBuildFile; fileRef = 7691F67F232A1757002F5976 /* FitnessAppTests.swift */; };
		7691F68B232A1757002F5976 /* FitnessAppUITests.swift in Sources */ = {isa = PBXBuildFile; fileRef = 7691F68A232A1757002F5976 /* FitnessAppUITests.swift */; };
		7691F699232A1816002F5976 /* PageViewController.swift in Sources */ = {isa = PBXBuildFile; fileRef = 7691F698232A1816002F5976 /* PageViewController.swift */; };
/* End PBXBuildFile section */

/* Begin PBXContainerItemProxy section */
		7691F67C232A1757002F5976 /* PBXContainerItemProxy */ = {
			isa = PBXContainerItemProxy;
			containerPortal = 7691F65F232A1756002F5976 /* Project object */;
			proxyType = 1;
			remoteGlobalIDString = 7691F666232A1756002F5976;
			remoteInfo = FitnessApp;
		};
		7691F687232A1757002F5976 /* PBXContainerItemProxy */ = {
			isa = PBXContainerItemProxy;
			containerPortal = 7691F65F232A1756002F5976 /* Project object */;
			proxyType = 1;
			remoteGlobalIDString = 7691F666232A1756002F5976;
			remoteInfo = FitnessApp;
		};
/* End PBXContainerItemProxy section */

/* Begin PBXFileReference section */
		7691F667232A1756002F5976 /* FitnessApp.app */ = {isa = PBXFileReference; explicitFileType = wrapper.application; includeInIndex = 0; path = FitnessApp.app; sourceTree = BUILT_PRODUCTS_DIR; };
		7691F66A232A1756002F5976 /* AppDelegate.swift */ = {isa = PBXFileReference; lastKnownFileType = sourcecode.swift; path = AppDelegate.swift; sourceTree = "<group>"; };
		7691F66C232A1756002F5976 /* ViewController.swift */ = {isa = PBXFileReference; lastKnownFileType = sourcecode.swift; path = ViewController.swift; sourceTree = "<group>"; };
		7691F66F232A1756002F5976 /* Base */ = {isa = PBXFileReference; lastKnownFileType = file.storyboard; name = Base; path = Base.lproj/Main.storyboard; sourceTree = "<group>"; };
		7691F671232A1757002F5976 /* Assets.xcassets */ = {isa = PBXFileReference; lastKnownFileType = folder.assetcatalog; path = Assets.xcassets; sourceTree = "<group>"; };
		7691F674232A1757002F5976 /* Base */ = {isa = PBXFileReference; lastKnownFileType = file.storyboard; name = Base; path = Base.lproj/LaunchScreen.storyboard; sourceTree = "<group>"; };
		7691F676232A1757002F5976 /* Info.plist */ = {isa = PBXFileReference; lastKnownFileType = text.plist.xml; path = Info.plist; sourceTree = "<group>"; };
		7691F67B232A1757002F5976 /* FitnessAppTests.xctest */ = {isa = PBXFileReference; explicitFileType = wrapper.cfbundle; includeInIndex = 0; path = FitnessAppTests.xctest; sourceTree = BUILT_PRODUCTS_DIR; };
		7691F67F232A1757002F5976 /* FitnessAppTests.swift */ = {isa = PBXFileReference; lastKnownFileType = sourcecode.swift; path = FitnessAppTests.swift; sourceTree = "<group>"; };
		7691F681232A1757002F5976 /* Info.plist */ = {isa = PBXFileReference; lastKnownFileType = text.plist.xml; path = Info.plist; sourceTree = "<group>"; };
		7691F686232A1757002F5976 /* FitnessAppUITests.xctest */ = {isa = PBXFileReference; explicitFileType = wrapper.cfbundle; includeInIndex = 0; path = FitnessAppUITests.xctest; sourceTree = BUILT_PRODUCTS_DIR; };
		7691F68A232A1757002F5976 /* FitnessAppUITests.swift */ = {isa = PBXFileReference; lastKnownFileType = sourcecode.swift; path = FitnessAppUITests.swift; sourceTree = "<group>"; };
		7691F68C232A1757002F5976 /* Info.plist */ = {isa = PBXFileReference; lastKnownFileType = text.plist.xml; path = Info.plist; sourceTree = "<group>"; };
		7691F698232A1816002F5976 /* PageViewController.swift */ = {isa = PBXFileReference; lastKnownFileType = sourcecode.swift; path = PageViewController.swift; sourceTree = "<group>"; };
/* End PBXFileReference section */

/* Begin PBXFrameworksBuildPhase section */
		7691F664232A1756002F5976 /* Frameworks */ = {
			isa = PBXFrameworksBuildPhase;
			buildActionMask = 2147483647;
			files = (
			);
			runOnlyForDeploymentPostprocessing = 0;
		};
		7691F678232A1757002F5976 /* Frameworks */ = {
			isa = PBXFrameworksBuildPhase;
			buildActionMask = 2147483647;
			files = (
			);
			runOnlyForDeploymentPostprocessing = 0;
		};
		7691F683232A1757002F5976 /* Frameworks */ = {
			isa = PBXFrameworksBuildPhase;
			buildActionMask = 2147483647;
			files = (
			);
			runOnlyForDeploymentPostprocessing = 0;
		};
/* End PBXFrameworksBuildPhase section */

/* Begin PBXGroup section */
		7691F65E232A1756002F5976 = {
			isa = PBXGroup;
			children = (
				7691F669232A1756002F5976 /* FitnessApp */,
				7691F67E232A1757002F5976 /* FitnessAppTests */,
				7691F689232A1757002F5976 /* FitnessAppUITests */,
				7691F668232A1756002F5976 /* Products */,
			);
			sourceTree = "<group>";
		};
		7691F668232A1756002F5976 /* Products */ = {
			isa = PBXGroup;
			children = (
				7691F667232A1756002F5976 /* FitnessApp.app */,
				7691F67B232A1757002F5976 /* FitnessAppTests.xctest */,
				7691F686232A1757002F5976 /* FitnessAppUITests.xctest */,
			);
			name = Products;
			sourceTree = "<group>";
		};
		7691F669232A1756002F5976 /* FitnessApp */ = {
			isa = PBXGroup;
			children = (
				7691F66A232A1756002F5976 /* AppDelegate.swift */,
				7691F66C232A1756002F5976 /* ViewController.swift */,
				7691F66E232A1756002F5976 /* Main.storyboard */,
				7691F698232A1816002F5976 /* PageViewController.swift */,
				7691F671232A1757002F5976 /* Assets.xcassets */,
				7691F673232A1757002F5976 /* LaunchScreen.storyboard */,
				7691F676232A1757002F5976 /* Info.plist */,
			);
			path = FitnessApp;
			sourceTree = "<group>";
		};
		7691F67E232A1757002F5976 /* FitnessAppTests */ = {
			isa = PBXGroup;
			children = (
				7691F67F232A1757002F5976 /* FitnessAppTests.swift */,
				7691F681232A1757002F5976 /* Info.plist */,
			);
			path = FitnessAppTests;
			sourceTree = "<group>";
		};
		7691F689232A1757002F5976 /* FitnessAppUITests */ = {
			isa = PBXGroup;
			children = (
				7691F68A232A1757002F5976 /* FitnessAppUITests.swift */,
				7691F68C232A1757002F5976 /* Info.plist */,
			);
			path = FitnessAppUITests;
			sourceTree = "<group>";
		};
/* End PBXGroup section */

/* Begin PBXNativeTarget section */
		7691F666232A1756002F5976 /* FitnessApp */ = {
			isa = PBXNativeTarget;
			buildConfigurationList = 7691F68F232A1757002F5976 /* Build configuration list for PBXNativeTarget "FitnessApp" */;
			buildPhases = (
				7691F663232A1756002F5976 /* Sources */,
				7691F664232A1756002F5976 /* Frameworks */,
				7691F665232A1756002F5976 /* Resources */,
			);
			buildRules = (
			);
			dependencies = (
			);
			name = FitnessApp;
			productName = FitnessApp;
			productReference = 7691F667232A1756002F5976 /* FitnessApp.app */;
			productType = "com.apple.product-type.application";
		};
		7691F67A232A1757002F5976 /* FitnessAppTests */ = {
			isa = PBXNativeTarget;
			buildConfigurationList = 7691F692232A1757002F5976 /* Build configuration list for PBXNativeTarget "FitnessAppTests" */;
			buildPhases = (
				7691F677232A1757002F5976 /* Sources */,
				7691F678232A1757002F5976 /* Frameworks */,
				7691F679232A1757002F5976 /* Resources */,
			);
			buildRules = (
			);
			dependencies = (
				7691F67D232A1757002F5976 /* PBXTargetDependency */,
			);
			name = FitnessAppTests;
			productName = FitnessAppTests;
			productReference = 7691F67B232A1757002F5976 /* FitnessAppTests.xctest */;
			productType = "com.apple.product-type.bundle.unit-test";
		};
		7691F685232A1757002F5976 /* FitnessAppUITests */ = {
			isa = PBXNativeTarget;
			buildConfigurationList = 7691F695232A1757002F5976 /* Build configuration list for PBXNativeTarget "FitnessAppUITests" */;
			buildPhases = (
				7691F682232A1757002F5976 /* Sources */,
				7691F683232A1757002F5976 /* Frameworks */,
				7691F684232A1757002F5976 /* Resources */,
			);
			buildRules = (
			);
			dependencies = (
				7691F688232A1757002F5976 /* PBXTargetDependency */,
			);
			name = FitnessAppUITests;
			productName = FitnessAppUITests;
			productReference = 7691F686232A1757002F5976 /* FitnessAppUITests.xctest */;
			productType = "com.apple.product-type.bundle.ui-testing";
		};
/* End PBXNativeTarget section */

/* Begin PBXProject section */
		7691F65F232A1756002F5976 /* Project object */ = {
			isa = PBXProject;
			attributes = {
				LastSwiftUpdateCheck = 1020;
				LastUpgradeCheck = 1020;
				ORGANIZATIONNAME = "Kristopher Schrieken";
				TargetAttributes = {
					7691F666232A1756002F5976 = {
						CreatedOnToolsVersion = 10.2.1;
					};
					7691F67A232A1757002F5976 = {
						CreatedOnToolsVersion = 10.2.1;
						TestTargetID = 7691F666232A1756002F5976;
					};
					7691F685232A1757002F5976 = {
						CreatedOnToolsVersion = 10.2.1;
						TestTargetID = 7691F666232A1756002F5976;
					};
				};
			};
			buildConfigurationList = 7691F662232A1756002F5976 /* Build configuration list for PBXProject "FitnessApp" */;
			compatibilityVersion = "Xcode 9.3";
			developmentRegion = en;
			hasScannedForEncodings = 0;
			knownRegions = (
				en,
				Base,
			);
			mainGroup = 7691F65E232A1756002F5976;
			productRefGroup = 7691F668232A1756002F5976 /* Products */;
			projectDirPath = "";
			projectRoot = "";
			targets = (
				7691F666232A1756002F5976 /* FitnessApp */,
				7691F67A232A1757002F5976 /* FitnessAppTests */,
				7691F685232A1757002F5976 /* FitnessAppUITests */,
			);
		};
/* End PBXProject section */

/* Begin PBXResourcesBuildPhase section */
		7691F665232A1756002F5976 /* Resources */ = {
			isa = PBXResourcesBuildPhase;
			buildActionMask = 2147483647;
			files = (
				7691F675232A1757002F5976 /* LaunchScreen.storyboard in Resources */,
				7691F672232A1757002F5976 /* Assets.xcassets in Resources */,
				7691F670232A1756002F5976 /* Main.storyboard in Resources */,
			);
			runOnlyForDeploymentPostprocessing = 0;
		};
		7691F679232A1757002F5976 /* Resources */ = {
			isa = PBXResourcesBuildPhase;
			buildActionMask = 2147483647;
			files = (
			);
			runOnlyForDeploymentPostprocessing = 0;
		};
		7691F684232A1757002F5976 /* Resources */ = {
			isa = PBXResourcesBuildPhase;
			buildActionMask = 2147483647;
			files = (
			);
			runOnlyForDeploymentPostprocessing = 0;
		};
/* End PBXResourcesBuildPhase section */

/* Begin PBXSourcesBuildPhase section */
		7691F663232A1756002F5976 /* Sources */ = {
			isa = PBXSourcesBuildPhase;
			buildActionMask = 2147483647;
			files = (
				7691F699232A1816002F5976 /* PageViewController.swift in Sources */,
				7691F66D232A1756002F5976 /* ViewController.swift in Sources */,
				7691F66B232A1756002F5976 /* AppDelegate.swift in Sources */,
			);
			runOnlyForDeploymentPostprocessing = 0;
		};
		7691F677232A1757002F5976 /* Sources */ = {
			isa = PBXSourcesBuildPhase;
			buildActionMask = 2147483647;
			files = (
				7691F680232A1757002F5976 /* FitnessAppTests.swift in Sources */,
			);
			runOnlyForDeploymentPostprocessing = 0;
		};
		7691F682232A1757002F5976 /* Sources */ = {
			isa = PBXSourcesBuildPhase;
			buildActionMask = 2147483647;
			files = (
				7691F68B232A1757002F5976 /* FitnessAppUITests.swift in Sources */,
			);
			runOnlyForDeploymentPostprocessing = 0;
		};
/* End PBXSourcesBuildPhase section */

/* Begin PBXTargetDependency section */
		7691F67D232A1757002F5976 /* PBXTargetDependency */ = {
			isa = PBXTargetDependency;
			target = 7691F666232A1756002F5976 /* FitnessApp */;
			targetProxy = 7691F67C232A1757002F5976 /* PBXContainerItemProxy */;
		};
		7691F688232A1757002F5976 /* PBXTargetDependency */ = {
			isa = PBXTargetDependency;
			target = 7691F666232A1756002F5976 /* FitnessApp */;
			targetProxy = 7691F687232A1757002F5976 /* PBXContainerItemProxy */;
		};
/* End PBXTargetDependency section */

/* Begin PBXVariantGroup section */
		7691F66E232A1756002F5976 /* Main.storyboard */ = {
			isa = PBXVariantGroup;
			children = (
				7691F66F232A1756002F5976 /* Base */,
			);
			name = Main.storyboard;
			sourceTree = "<group>";
		};
		7691F673232A1757002F5976 /* LaunchScreen.storyboard */ = {
			isa = PBXVariantGroup;
			children = (
				7691F674232A1757002F5976 /* Base */,
			);
			name = LaunchScreen.storyboard;
			sourceTree = "<group>";
		};
/* End PBXVariantGroup section */

/* Begin XCBuildConfiguration section */
		7691F68D232A1757002F5976 /* Debug */ = {
			isa = XCBuildConfiguration;
			buildSettings = {
				ALWAYS_SEARCH_USER_PATHS = NO;
				CLANG_ANALYZER_NONNULL = YES;
				CLANG_ANALYZER_NUMBER_OBJECT_CONVERSION = YES_AGGRESSIVE;
				CLANG_CXX_LANGUAGE_STANDARD = "gnu++14";
				CLANG_CXX_LIBRARY = "libc++";
				CLANG_ENABLE_MODULES = YES;
				CLANG_ENABLE_OBJC_ARC = YES;
				CLANG_ENABLE_OBJC_WEAK = YES;
				CLANG_WARN_BLOCK_CAPTURE_AUTORELEASING = YES;
				CLANG_WARN_BOOL_CONVERSION = YES;
				CLANG_WARN_COMMA = YES;
				CLANG_WARN_CONSTANT_CONVERSION = YES;
				CLANG_WARN_DEPRECATED_OBJC_IMPLEMENTATIONS = YES;
				CLANG_WARN_DIRECT_OBJC_ISA_USAGE = YES_ERROR;
				CLANG_WARN_DOCUMENTATION_COMMENTS = YES;
				CLANG_WARN_EMPTY_BODY = YES;
				CLANG_WARN_ENUM_CONVERSION = YES;
				CLANG_WARN_INFINITE_RECURSION = YES;
				CLANG_WARN_INT_CONVERSION = YES;
				CLANG_WARN_NON_LITERAL_NULL_CONVERSION = YES;
				CLANG_WARN_OBJC_IMPLICIT_RETAIN_SELF = YES;
				CLANG_WARN_OBJC_LITERAL_CONVERSION = YES;
				CLANG_WARN_OBJC_ROOT_CLASS = YES_ERROR;
				CLANG_WARN_RANGE_LOOP_ANALYSIS = YES;
				CLANG_WARN_STRICT_PROTOTYPES = YES;
				CLANG_WARN_SUSPICIOUS_MOVE = YES;
				CLANG_WARN_UNGUARDED_AVAILABILITY = YES_AGGRESSIVE;
				CLANG_WARN_UNREACHABLE_CODE = YES;
				CLANG_WARN__DUPLICATE_METHOD_MATCH = YES;
				CODE_SIGN_IDENTITY = "iPhone Developer";
				COPY_PHASE_STRIP = NO;
				DEBUG_INFORMATION_FORMAT = dwarf;
				ENABLE_STRICT_OBJC_MSGSEND = YES;
				ENABLE_TESTABILITY = YES;
				GCC_C_LANGUAGE_STANDARD = gnu11;
				GCC_DYNAMIC_NO_PIC = NO;
				GCC_NO_COMMON_BLOCKS = YES;
				GCC_OPTIMIZATION_LEVEL = 0;
				GCC_PREPROCESSOR_DEFINITIONS = (
					"DEBUG=1",
					"$(inherited)",
				);
				GCC_WARN_64_TO_32_BIT_CONVERSION = YES;
				GCC_WARN_ABOUT_RETURN_TYPE = YES_ERROR;
				GCC_WARN_UNDECLARED_SELECTOR = YES;
				GCC_WARN_UNINITIALIZED_AUTOS = YES_AGGRESSIVE;
				GCC_WARN_UNUSED_FUNCTION = YES;
				GCC_WARN_UNUSED_VARIABLE = YES;
				IPHONEOS_DEPLOYMENT_TARGET = 12.2;
				MTL_ENABLE_DEBUG_INFO = INCLUDE_SOURCE;
				MTL_FAST_MATH = YES;
				ONLY_ACTIVE_ARCH = YES;
				SDKROOT = iphoneos;
				SWIFT_ACTIVE_COMPILATION_CONDITIONS = DEBUG;
				SWIFT_OPTIMIZATION_LEVEL = "-Onone";
			};
			name = Debug;
		};
		7691F68E232A1757002F5976 /* Release */ = {
			isa = XCBuildConfiguration;
			buildSettings = {
				ALWAYS_SEARCH_USER_PATHS = NO;
				CLANG_ANALYZER_NONNULL = YES;
				CLANG_ANALYZER_NUMBER_OBJECT_CONVERSION = YES_AGGRESSIVE;
				CLANG_CXX_LANGUAGE_STANDARD = "gnu++14";
				CLANG_CXX_LIBRARY = "libc++";
				CLANG_ENABLE_MODULES = YES;
				CLANG_ENABLE_OBJC_ARC = YES;
				CLANG_ENABLE_OBJC_WEAK = YES;
				CLANG_WARN_BLOCK_CAPTURE_AUTORELEASING = YES;
				CLANG_WARN_BOOL_CONVERSION = YES;
				CLANG_WARN_COMMA = YES;
				CLANG_WARN_CONSTANT_CONVERSION = YES;
				CLANG_WARN_DEPRECATED_OBJC_IMPLEMENTATIONS = YES;
				CLANG_WARN_DIRECT_OBJC_ISA_USAGE = YES_ERROR;
				CLANG_WARN_DOCUMENTATION_COMMENTS = YES;
				CLANG_WARN_EMPTY_BODY = YES;
				CLANG_WARN_ENUM_CONVERSION = YES;
				CLANG_WARN_INFINITE_RECURSION = YES;
				CLANG_WARN_INT_CONVERSION = YES;
				CLANG_WARN_NON_LITERAL_NULL_CONVERSION = YES;
				CLANG_WARN_OBJC_IMPLICIT_RETAIN_SELF = YES;
				CLANG_WARN_OBJC_LITERAL_CONVERSION = YES;
				CLANG_WARN_OBJC_ROOT_CLASS = YES_ERROR;
				CLANG_WARN_RANGE_LOOP_ANALYSIS = YES;
				CLANG_WARN_STRICT_PROTOTYPES = YES;
				CLANG_WARN_SUSPICIOUS_MOVE = YES;
				CLANG_WARN_UNGUARDED_AVAILABILITY = YES_AGGRESSIVE;
				CLANG_WARN_UNREACHABLE_CODE = YES;
				CLANG_WARN__DUPLICATE_METHOD_MATCH = YES;
				CODE_SIGN_IDENTITY = "iPhone Developer";
				COPY_PHASE_STRIP = NO;
				DEBUG_INFORMATION_FORMAT = "dwarf-with-dsym";
				ENABLE_NS_ASSERTIONS = NO;
				ENABLE_STRICT_OBJC_MSGSEND = YES;
				GCC_C_LANGUAGE_STANDARD = gnu11;
				GCC_NO_COMMON_BLOCKS = YES;
				GCC_WARN_64_TO_32_BIT_CONVERSION = YES;
				GCC_WARN_ABOUT_RETURN_TYPE = YES_ERROR;
				GCC_WARN_UNDECLARED_SELECTOR = YES;
				GCC_WARN_UNINITIALIZED_AUTOS = YES_AGGRESSIVE;
				GCC_WARN_UNUSED_FUNCTION = YES;
				GCC_WARN_UNUSED_VARIABLE = YES;
				IPHONEOS_DEPLOYMENT_TARGET = 12.2;
				MTL_ENABLE_DEBUG_INFO = NO;
				MTL_FAST_MATH = YES;
				SDKROOT = iphoneos;
				SWIFT_COMPILATION_MODE = wholemodule;
				SWIFT_OPTIMIZATION_LEVEL = "-O";
				VALIDATE_PRODUCT = YES;
			};
			name = Release;
		};
		7691F690232A1757002F5976 /* Debug */ = {
			isa = XCBuildConfiguration;
			buildSettings = {
				ASSETCATALOG_COMPILER_APPICON_NAME = AppIcon;
				CODE_SIGN_STYLE = Automatic;
				DEVELOPMENT_TEAM = DA4B2J9BPA;
				INFOPLIST_FILE = FitnessApp/Info.plist;
				LD_RUNPATH_SEARCH_PATHS = (
					"$(inherited)",
					"@executable_path/Frameworks",
				);
				PRODUCT_BUNDLE_IDENTIFIER = krisschrieken.FitnessApp;
				PRODUCT_NAME = "$(TARGET_NAME)";
				SWIFT_VERSION = 5.0;
				TARGETED_DEVICE_FAMILY = "1,2";
			};
			name = Debug;
		};
		7691F691232A1757002F5976 /* Release */ = {
			isa = XCBuildConfiguration;
			buildSettings = {
				ASSETCATALOG_COMPILER_APPICON_NAME = AppIcon;
				CODE_SIGN_STYLE = Automatic;
				DEVELOPMENT_TEAM = DA4B2J9BPA;
				INFOPLIST_FILE = FitnessApp/Info.plist;
				LD_RUNPATH_SEARCH_PATHS = (
					"$(inherited)",
					"@executable_path/Frameworks",
				);
				PRODUCT_BUNDLE_IDENTIFIER = krisschrieken.FitnessApp;
				PRODUCT_NAME = "$(TARGET_NAME)";
				SWIFT_VERSION = 5.0;
				TARGETED_DEVICE_FAMILY = "1,2";
			};
			name = Release;
		};
		7691F693232A1757002F5976 /* Debug */ = {
			isa = XCBuildConfiguration;
			buildSettings = {
				ALWAYS_EMBED_SWIFT_STANDARD_LIBRARIES = YES;
				BUNDLE_LOADER = "$(TEST_HOST)";
				CODE_SIGN_STYLE = Automatic;
				DEVELOPMENT_TEAM = DA4B2J9BPA;
				INFOPLIST_FILE = FitnessAppTests/Info.plist;
				LD_RUNPATH_SEARCH_PATHS = (
					"$(inherited)",
					"@executable_path/Frameworks",
					"@loader_path/Frameworks",
				);
				PRODUCT_BUNDLE_IDENTIFIER = krisschrieken.FitnessAppTests;
				PRODUCT_NAME = "$(TARGET_NAME)";
				SWIFT_VERSION = 5.0;
				TARGETED_DEVICE_FAMILY = "1,2";
				TEST_HOST = "$(BUILT_PRODUCTS_DIR)/FitnessApp.app/FitnessApp";
			};
			name = Debug;
		};
		7691F694232A1757002F5976 /* Release */ = {
			isa = XCBuildConfiguration;
			buildSettings = {
				ALWAYS_EMBED_SWIFT_STANDARD_LIBRARIES = YES;
				BUNDLE_LOADER = "$(TEST_HOST)";
				CODE_SIGN_STYLE = Automatic;
				DEVELOPMENT_TEAM = DA4B2J9BPA;
				INFOPLIST_FILE = FitnessAppTests/Info.plist;
				LD_RUNPATH_SEARCH_PATHS = (
					"$(inherited)",
					"@executable_path/Frameworks",
					"@loader_path/Frameworks",
				);
				PRODUCT_BUNDLE_IDENTIFIER = krisschrieken.FitnessAppTests;
				PRODUCT_NAME = "$(TARGET_NAME)";
				SWIFT_VERSION = 5.0;
				TARGETED_DEVICE_FAMILY = "1,2";
				TEST_HOST = "$(BUILT_PRODUCTS_DIR)/FitnessApp.app/FitnessApp";
			};
			name = Release;
		};
		7691F696232A1757002F5976 /* Debug */ = {
			isa = XCBuildConfiguration;
			buildSettings = {
				ALWAYS_EMBED_SWIFT_STANDARD_LIBRARIES = YES;
				CODE_SIGN_STYLE = Automatic;
				DEVELOPMENT_TEAM = DA4B2J9BPA;
				INFOPLIST_FILE = FitnessAppUITests/Info.plist;
				LD_RUNPATH_SEARCH_PATHS = (
					"$(inherited)",
					"@executable_path/Frameworks",
					"@loader_path/Frameworks",
				);
				PRODUCT_BUNDLE_IDENTIFIER = krisschrieken.FitnessAppUITests;
				PRODUCT_NAME = "$(TARGET_NAME)";
				SWIFT_VERSION = 5.0;
				TARGETED_DEVICE_FAMILY = "1,2";
				TEST_TARGET_NAME = FitnessApp;
			};
			name = Debug;
		};
		7691F697232A1757002F5976 /* Release */ = {
			isa = XCBuildConfiguration;
			buildSettings = {
				ALWAYS_EMBED_SWIFT_STANDARD_LIBRARIES = YES;
				CODE_SIGN_STYLE = Automatic;
				DEVELOPMENT_TEAM = DA4B2J9BPA;
				INFOPLIST_FILE = FitnessAppUITests/Info.plist;
				LD_RUNPATH_SEARCH_PATHS = (
					"$(inherited)",
					"@executable_path/Frameworks",
					"@loader_path/Frameworks",
				);
				PRODUCT_BUNDLE_IDENTIFIER = krisschrieken.FitnessAppUITests;
				PRODUCT_NAME = "$(TARGET_NAME)";
				SWIFT_VERSION = 5.0;
				TARGETED_DEVICE_FAMILY = "1,2";
				TEST_TARGET_NAME = FitnessApp;
			};
			name = Release;
		};
/* End XCBuildConfiguration section */

/* Begin XCConfigurationList section */
		7691F662232A1756002F5976 /* Build configuration list for PBXProject "FitnessApp" */ = {
			isa = XCConfigurationList;
			buildConfigurations = (
				7691F68D232A1757002F5976 /* Debug */,
				7691F68E232A1757002F5976 /* Release */,
			);
			defaultConfigurationIsVisible = 0;
			defaultConfigurationName = Release;
		};
		7691F68F232A1757002F5976 /* Build configuration list for PBXNativeTarget "FitnessApp" */ = {
			isa = XCConfigurationList;
			buildConfigurations = (
				7691F690232A1757002F5976 /* Debug */,
				7691F691232A1757002F5976 /* Release */,
			);
			defaultConfigurationIsVisible = 0;
			defaultConfigurationName = Release;
		};
		7691F692232A1757002F5976 /* Build configuration list for PBXNativeTarget "FitnessAppTests" */ = {
			isa = XCConfigurationList;
			buildConfigurations = (
				7691F693232A1757002F5976 /* Debug */,
				7691F694232A1757002F5976 /* Release */,
			);
			defaultConfigurationIsVisible = 0;
			defaultConfigurationName = Release;
		};
		7691F695232A1757002F5976 /* Build configuration list for PBXNativeTarget "FitnessAppUITests" */ = {
			isa = XCConfigurationList;
			buildConfigurations = (
				7691F696232A1757002F5976 /* Debug */,
				7691F697232A1757002F5976 /* Release */,
			);
			defaultConfigurationIsVisible = 0;
			defaultConfigurationName = Release;
		};
/* End XCConfigurationList section */
	};
	rootObject = 7691F65F232A1756002F5976 /* Project object */;
}
